
Microsoft Visual Studio Solution File, Format Version 12.00
# Visual Studio Version 17
VisualStudioVersion = 17.13.35913.81 d17.13
MinimumVisualStudioVersion = 10.0.40219.1
Project("{FAE04EC0-301F-11D3-BF4B-00C04F79EFBC}") = "WpfAlarmClock", "WpfAlarmClock\WpfAlarmClock.csproj", "{4270A356-FEE7-43FE-A384-4837E283EFD4}"
EndProject
Global
	GlobalSection(SolutionConfigurationPlatforms) = preSolution
		Debug|Any CPU = Debug|Any CPU
		Release|Any CPU = Release|Any CPU
	EndGlobalSection
	GlobalSection(ProjectConfigurationPlatforms) = postSolution
		{4270A356-FEE7-43FE-A384-4837E283EFD4}.Debug|Any CPU.ActiveCfg = Debug|Any CPU
		{4270A356-FEE7-43FE-A384-4837E283EFD4}.Debug|Any CPU.Build.0 = Debug|Any CPU
		{4270A356-FEE7-43FE-A384-4837E283EFD4}.Release|Any CPU.ActiveCfg = Release|Any CPU
		{4270A356-FEE7-43FE-A384-4837E283EFD4}.Release|Any CPU.Build.0 = Release|Any CPU
	EndGlobalSection
	GlobalSection(SolutionProperties) = preSolution
		HideSolutionNode = FALSE
	EndGlobalSection
	GlobalSection(ExtensibilityGlobals) = postSolution
		SolutionGuid = {EE2B47FD-83C8-41FE-8CC1-3C44F99C9E7F}
	EndGlobalSection
EndGlobal
